
Microsoft Visual Studio Solution File, Format Version 12.00
# Visual Studio Version 17
VisualStudioVersion = 17.3.32922.545
MinimumVisualStudioVersion = 10.0.40219.1
Project("{FAE04EC0-301F-11D3-BF4B-00C04F79EFBC}") = "Task1", "Task1\Task1.csproj", "{A313815A-8D3D-4C42-A5F8-4610FDE9DAEC}"
EndProject
Global
	GlobalSection(SolutionConfigurationPlatforms) = preSolution
		Debug|Any CPU = Debug|Any CPU
		Release|Any CPU = Release|Any CPU
	EndGlobalSection
	GlobalSection(ProjectConfigurationPlatforms) = postSolution
		{A313815A-8D3D-4C42-A5F8-4610FDE9DAEC}.Debug|Any CPU.ActiveCfg = Debug|Any CPU
		{A313815A-8D3D-4C42-A5F8-4610FDE9DAEC}.Debug|Any CPU.Build.0 = Debug|Any CPU
		{A313815A-8D3D-4C42-A5F8-4610FDE9DAEC}.Release|Any CPU.ActiveCfg = Release|Any CPU
		{A313815A-8D3D-4C42-A5F8-4610FDE9DAEC}.Release|Any CPU.Build.0 = Release|Any CPU
	EndGlobalSection
	GlobalSection(SolutionProperties) = preSolution
		HideSolutionNode = FALSE
	EndGlobalSection
	GlobalSection(ExtensibilityGlobals) = postSolution
		SolutionGuid = {A85A8857-EEAA-4222-A9D6-1EAAA3E576AF}
	EndGlobalSection
EndGlobal
